
Microsoft Visual Studio Solution File, Format Version 12.00
# Visual Studio Version 17
VisualStudioVersion = 17.7.34221.43
MinimumVisualStudioVersion = 10.0.40219.1
Project("{FAE04EC0-301F-11D3-BF4B-00C04F79EFBC}") = "movie-reservation-system", "movie-reservation-system.csproj", "{A838756C-42AA-45A6-8972-480DD3962897}"
EndProject
Global
	GlobalSection(SolutionConfigurationPlatforms) = preSolution
		Debug|Any CPU = Debug|Any CPU
		Release|Any CPU = Release|Any CPU
	EndGlobalSection
	GlobalSection(ProjectConfigurationPlatforms) = postSolution
		{A838756C-42AA-45A6-8972-480DD3962897}.Debug|Any CPU.ActiveCfg = Debug|Any CPU
		{A838756C-42AA-45A6-8972-480DD3962897}.Debug|Any CPU.Build.0 = Debug|Any CPU
		{A838756C-42AA-45A6-8972-480DD3962897}.Release|Any CPU.ActiveCfg = Release|Any CPU
		{A838756C-42AA-45A6-8972-480DD3962897}.Release|Any CPU.Build.0 = Release|Any CPU
	EndGlobalSection
	GlobalSection(SolutionProperties) = preSolution
		HideSolutionNode = FALSE
	EndGlobalSection
	GlobalSection(ExtensibilityGlobals) = postSolution
		SolutionGuid = {5FC6CC34-FEA1-4A92-80C7-C47F375FFC69}
	EndGlobalSection
EndGlobal
